{
  "requires": true,
  "lockfileVersion": 1,
  "dependencies": {
    "yard": {
      "version": "1.0.3",
      "resolved": "https://registry.npmjs.org/yard/-/yard-1.0.3.tgz",
      "integrity": "sha1-DNSNHe3UFGyZGhcNWZkqAs3o50k="
    },
    "yarn": {
      "version": "1.22.5",
      "resolved": "https://registry.npmjs.org/yarn/-/yarn-1.22.5.tgz",
      "integrity": "sha512-5uzKXwdMc++mYktXqkfpNYT9tY8ViWegU58Hgbo+KXzrzzhEyP1Ip+BTtXloLrXNcNlxFJbLiFKGaS9vK9ym6Q=="
    }
  }
}
